
Microsoft Visual Studio Solution File, Format Version 12.00
# Visual Studio Version 16
VisualStudioVersion = 16.0.30104.148
MinimumVisualStudioVersion = 10.0.40219.1
Project("{FAE04EC0-301F-11D3-BF4B-00C04F79EFBC}") = "CopaFilmes", "CopaFilmes\CopaFilmes.csproj", "{68856A7B-11D4-4FDB-8971-90F47ED52FBA}"
EndProject
Project("{FAE04EC0-301F-11D3-BF4B-00C04F79EFBC}") = "CopaFilmesTests", "CopaFilmesTests\CopaFilmesTests.csproj", "{E623B6B0-75BD-4890-96EB-AA9F7AF4AD7A}"
EndProject
Global
	GlobalSection(SolutionConfigurationPlatforms) = preSolution
		Debug|Any CPU = Debug|Any CPU
		Release|Any CPU = Release|Any CPU
	EndGlobalSection
	GlobalSection(ProjectConfigurationPlatforms) = postSolution
		{68856A7B-11D4-4FDB-8971-90F47ED52FBA}.Debug|Any CPU.ActiveCfg = Debug|Any CPU
		{68856A7B-11D4-4FDB-8971-90F47ED52FBA}.Debug|Any CPU.Build.0 = Debug|Any CPU
		{68856A7B-11D4-4FDB-8971-90F47ED52FBA}.Release|Any CPU.ActiveCfg = Release|Any CPU
		{68856A7B-11D4-4FDB-8971-90F47ED52FBA}.Release|Any CPU.Build.0 = Release|Any CPU
		{E623B6B0-75BD-4890-96EB-AA9F7AF4AD7A}.Debug|Any CPU.ActiveCfg = Debug|Any CPU
		{E623B6B0-75BD-4890-96EB-AA9F7AF4AD7A}.Debug|Any CPU.Build.0 = Debug|Any CPU
		{E623B6B0-75BD-4890-96EB-AA9F7AF4AD7A}.Release|Any CPU.ActiveCfg = Release|Any CPU
		{E623B6B0-75BD-4890-96EB-AA9F7AF4AD7A}.Release|Any CPU.Build.0 = Release|Any CPU
	EndGlobalSection
	GlobalSection(SolutionProperties) = preSolution
		HideSolutionNode = FALSE
	EndGlobalSection
	GlobalSection(ExtensibilityGlobals) = postSolution
		SolutionGuid = {B37A02A1-4A0B-442D-A57F-EB0B9212204E}
	EndGlobalSection
EndGlobal
